// !$*UTF8*$!
{
	archiveVersion = 1;
	classes = {
	};
	objectVersion = 50;
	objects = {

/* Begin PBXBuildFile section */
		8B030FE922CA02BA0003AB4B /* SuffixArraySequence.swift in Sources */ = {isa = PBXBuildFile; fileRef = 8B030FE822CA02BA0003AB4B /* SuffixArraySequence.swift */; };
		8B030FEB22CA02DA0003AB4B /* SuffixArrayIterator.swift in Sources */ = {isa = PBXBuildFile; fileRef = 8B030FEA22CA02DA0003AB4B /* SuffixArrayIterator.swift */; };
		8B030FED22CA03D10003AB4B /* AlgoProvider.swift in Sources */ = {isa = PBXBuildFile; fileRef = 8B030FEC22CA03D10003AB4B /* AlgoProvider.swift */; };
		8B030FFB22CA47820003AB4B /* ArrayManipulator.swift in Sources */ = {isa = PBXBuildFile; fileRef = 8B030FF122CA47820003AB4B /* ArrayManipulator.swift */; };
		8B030FFC22CA47820003AB4B /* SwiftArrayManipulator.swift in Sources */ = {isa = PBXBuildFile; fileRef = 8B030FF222CA47820003AB4B /* SwiftArrayManipulator.swift */; };
		8B030FFD22CA47820003AB4B /* StringGenerator.swift in Sources */ = {isa = PBXBuildFile; fileRef = 8B030FF322CA47820003AB4B /* StringGenerator.swift */; };
		8B030FFE22CA47820003AB4B /* SwiftDictionaryManipulator.swift in Sources */ = {isa = PBXBuildFile; fileRef = 8B030FF522CA47820003AB4B /* SwiftDictionaryManipulator.swift */; };
		8B030FFF22CA47820003AB4B /* DictionaryManipulator.swift in Sources */ = {isa = PBXBuildFile; fileRef = 8B030FF622CA47820003AB4B /* DictionaryManipulator.swift */; };
		8B03100022CA47820003AB4B /* SwiftSetManipulator.swift in Sources */ = {isa = PBXBuildFile; fileRef = 8B030FF822CA47820003AB4B /* SwiftSetManipulator.swift */; };
		8B03100122CA47820003AB4B /* SetManipulator.swift in Sources */ = {isa = PBXBuildFile; fileRef = 8B030FF922CA47820003AB4B /* SetManipulator.swift */; };
		8B03100222CA47820003AB4B /* Profiler.swift in Sources */ = {isa = PBXBuildFile; fileRef = 8B030FFA22CA47820003AB4B /* Profiler.swift */; };
		8B03100822CA48210003AB4B /* ArrayViewController.swift in Sources */ = {isa = PBXBuildFile; fileRef = 8B03100422CA48210003AB4B /* ArrayViewController.swift */; };
		8B03100922CA48210003AB4B /* DictionaryViewController.swift in Sources */ = {isa = PBXBuildFile; fileRef = 8B03100522CA48210003AB4B /* DictionaryViewController.swift */; };
		8B03100A22CA48210003AB4B /* SetViewController.swift in Sources */ = {isa = PBXBuildFile; fileRef = 8B03100622CA48210003AB4B /* SetViewController.swift */; };
		8B03100B22CA48210003AB4B /* DataStructuresViewController.swift in Sources */ = {isa = PBXBuildFile; fileRef = 8B03100722CA48210003AB4B /* DataStructuresViewController.swift */; };
		8B03100D22CA48390003AB4B /* DataStructures.storyboard in Resources */ = {isa = PBXBuildFile; fileRef = 8B03100C22CA48390003AB4B /* DataStructures.storyboard */; };
		8B1D29E922D607B300C834CD /* LocalUnitsConverter.swift in Sources */ = {isa = PBXBuildFile; fileRef = 8B1D29E822D607B300C834CD /* LocalUnitsConverter.swift */; };
		8B1D29EB22D6094600C834CD /* UnitsFinder.swift in Sources */ = {isa = PBXBuildFile; fileRef = 8B1D29EA22D6094600C834CD /* UnitsFinder.swift */; };
		8B77379722CB8AAB00DF74D3 /* SuffixArrayManipulator.swift in Sources */ = {isa = PBXBuildFile; fileRef = 8B77379622CB8AAB00DF74D3 /* SuffixArrayManipulator.swift */; };
		8B77379922CBA34300DF74D3 /* ArraySearchManipulator.swift in Sources */ = {isa = PBXBuildFile; fileRef = 8B77379822CBA34300DF74D3 /* ArraySearchManipulator.swift */; };
		8B77379B22CBA36800DF74D3 /* Search.swift in Sources */ = {isa = PBXBuildFile; fileRef = 8B77379A22CBA36800DF74D3 /* Search.swift */; };
		8B77379D22CBA40600DF74D3 /* SearchManipulator.swift in Sources */ = {isa = PBXBuildFile; fileRef = 8B77379C22CBA40600DF74D3 /* SearchManipulator.swift */; };
		8B7BB78F22D4B15D001D3CDF /* ShareViewController.swift in Sources */ = {isa = PBXBuildFile; fileRef = 8B7BB78E22D4B15D001D3CDF /* ShareViewController.swift */; };
		8B7BB79222D4B15D001D3CDF /* MainInterface.storyboard in Resources */ = {isa = PBXBuildFile; fileRef = 8B7BB79022D4B15D001D3CDF /* MainInterface.storyboard */; };
		8B7BB79622D4B15D001D3CDF /* Share.appex in Embed App Extensions */ = {isa = PBXBuildFile; fileRef = 8B7BB78C22D4B15D001D3CDF /* Share.appex */; settings = {ATTRIBUTES = (RemoveHeadersOnCopy, ); }; };
		8B7BB7B622D4D9CF001D3CDF /* SharedPayload.h in Headers */ = {isa = PBXBuildFile; fileRef = 8B7BB7B422D4D9CF001D3CDF /* SharedPayload.h */; settings = {ATTRIBUTES = (Public, ); }; };
		8B7BB7B922D4D9CF001D3CDF /* SharedPayload.framework in Frameworks */ = {isa = PBXBuildFile; fileRef = 8B7BB7B222D4D9CF001D3CDF /* SharedPayload.framework */; };
		8B7BB7BA22D4D9CF001D3CDF /* SharedPayload.framework in Embed Frameworks */ = {isa = PBXBuildFile; fileRef = 8B7BB7B222D4D9CF001D3CDF /* SharedPayload.framework */; settings = {ATTRIBUTES = (CodeSignOnCopy, RemoveHeadersOnCopy, ); }; };
		8B7BB7D022D4DA0D001D3CDF /* SharedPayload.swift in Sources */ = {isa = PBXBuildFile; fileRef = 8B7BB7CF22D4DA0D001D3CDF /* SharedPayload.swift */; };
		8B7BB7D322D4DFB3001D3CDF /* LocalUnitsConverter.storyboard in Resources */ = {isa = PBXBuildFile; fileRef = 8B7BB7D222D4DFB3001D3CDF /* LocalUnitsConverter.storyboard */; };
		8B7BB7D522D4E248001D3CDF /* LocalUnitsConverterViewController.swift in Sources */ = {isa = PBXBuildFile; fileRef = 8B7BB7D422D4E248001D3CDF /* LocalUnitsConverterViewController.swift */; };
		8BD358AA22C0B2D100C9E22D /* UIFont.swift in Sources */ = {isa = PBXBuildFile; fileRef = 8BD358A922C0B2D100C9E22D /* UIFont.swift */; };
		8BD358B022C0C66300C9E22D /* PieChartLayer.swift in Sources */ = {isa = PBXBuildFile; fileRef = 8BD358AF22C0C66300C9E22D /* PieChartLayer.swift */; };
		8BF1D9C122B782CB0018A88D /* BenchmarkLayoutProvider.swift in Sources */ = {isa = PBXBuildFile; fileRef = 8BF1D9C022B782CB0018A88D /* BenchmarkLayoutProvider.swift */; };
		8BF1D9C522B784C10018A88D /* NColumnLayout.swift in Sources */ = {isa = PBXBuildFile; fileRef = 8BF1D9C422B784C10018A88D /* NColumnLayout.swift */; };
		8BF1D9C922B78D630018A88D /* StagLayout.swift in Sources */ = {isa = PBXBuildFile; fileRef = 8BF1D9C822B78D620018A88D /* StagLayout.swift */; };
		8BF1D9D122B790F00018A88D /* LayoutController.swift in Sources */ = {isa = PBXBuildFile; fileRef = 8BF1D9D022B790F00018A88D /* LayoutController.swift */; };
		8BF1D9D522B7A5810018A88D /* NRowLayout.swift in Sources */ = {isa = PBXBuildFile; fileRef = 8BF1D9D422B7A5810018A88D /* NRowLayout.swift */; };
		D707E72D22D52267009EB93B /* SharedPayload.framework in Frameworks */ = {isa = PBXBuildFile; fileRef = 8B7BB7B222D4D9CF001D3CDF /* SharedPayload.framework */; };
		D707E72F22D683F2009EB93B /* String.swift in Sources */ = {isa = PBXBuildFile; fileRef = D707E72E22D683F2009EB93B /* String.swift */; };
		D721129022CBE93900437EFC /* SearchArrayAdapter.swift in Sources */ = {isa = PBXBuildFile; fileRef = D721128F22CBE93900437EFC /* SearchArrayAdapter.swift */; };
		D7288E7122B584AD00DBD230 /* Benchmark.storyboard in Resources */ = {isa = PBXBuildFile; fileRef = D7288E7022B584AD00DBD230 /* Benchmark.storyboard */; };
		D7288E7322B584CF00DBD230 /* Profile.storyboard in Resources */ = {isa = PBXBuildFile; fileRef = D7288E7222B584CF00DBD230 /* Profile.storyboard */; };
		D7288E7522B5850600DBD230 /* ViewControllerLifecycleBehavior.swift in Sources */ = {isa = PBXBuildFile; fileRef = D7288E7422B5850600DBD230 /* ViewControllerLifecycleBehavior.swift */; };
		D7288E7722B586C600DBD230 /* SessionSummaryViewController.swift in Sources */ = {isa = PBXBuildFile; fileRef = D7288E7622B586C600DBD230 /* SessionSummaryViewController.swift */; };
		D7288E7A22B647C100DBD230 /* Services.swift in Sources */ = {isa = PBXBuildFile; fileRef = D7288E7922B647C100DBD230 /* Services.swift */; };
		D7288E7C22B647D500DBD230 /* SummaryItemsProvider.swift in Sources */ = {isa = PBXBuildFile; fileRef = D7288E7B22B647D500DBD230 /* SummaryItemsProvider.swift */; };
		D7288E8422B674EF00DBD230 /* TimerCollectionViewCell.swift in Sources */ = {isa = PBXBuildFile; fileRef = D7288E8222B674EF00DBD230 /* TimerCollectionViewCell.swift */; };
		D7288E8522B674EF00DBD230 /* TimerCollectionViewCell.xib in Resources */ = {isa = PBXBuildFile; fileRef = D7288E8322B674EF00DBD230 /* TimerCollectionViewCell.xib */; };
		D7288E8722B6779400DBD230 /* TimerItemsProvider.swift in Sources */ = {isa = PBXBuildFile; fileRef = D7288E8622B6779400DBD230 /* TimerItemsProvider.swift */; };
		D7288E8922B67A7300DBD230 /* TimerItem.swift in Sources */ = {isa = PBXBuildFile; fileRef = D7288E8822B67A7300DBD230 /* TimerItem.swift */; };
		D730C21822A1A9DC00E2BD43 /* Details.storyboard in Resources */ = {isa = PBXBuildFile; fileRef = D730C21722A1A9DC00E2BD43 /* Details.storyboard */; };
		D730C21A22A1ACAC00E2BD43 /* CustomButton.swift in Sources */ = {isa = PBXBuildFile; fileRef = D730C21922A1ACAC00E2BD43 /* CustomButton.swift */; };
		D730C21D22A1B91200E2BD43 /* CustomView.swift in Sources */ = {isa = PBXBuildFile; fileRef = D730C21C22A1B91200E2BD43 /* CustomView.swift */; };
		D730C21F22A1B92400E2BD43 /* CustomView.xib in Resources */ = {isa = PBXBuildFile; fileRef = D730C21E22A1B92400E2BD43 /* CustomView.xib */; };
		D782A38022A82CDE004F8E17 /* Default-568h@2x.png in Resources */ = {isa = PBXBuildFile; fileRef = D782A37F22A82CDE004F8E17 /* Default-568h@2x.png */; };
		D7A0378922A58EBA0041DC8E /* SplitViewController.swift in Sources */ = {isa = PBXBuildFile; fileRef = D7A0378822A58EBA0041DC8E /* SplitViewController.swift */; };
		D7A3A667229DC00C00CF82A5 /* AppDelegate.swift in Sources */ = {isa = PBXBuildFile; fileRef = D7A3A666229DC00C00CF82A5 /* AppDelegate.swift */; };
		D7A3A66C229DC00C00CF82A5 /* Main.storyboard in Resources */ = {isa = PBXBuildFile; fileRef = D7A3A66A229DC00C00CF82A5 /* Main.storyboard */; };
		D7A3A66E229DC00D00CF82A5 /* Assets.xcassets in Resources */ = {isa = PBXBuildFile; fileRef = D7A3A66D229DC00D00CF82A5 /* Assets.xcassets */; };
		D7A3A671229DC00D00CF82A5 /* LaunchScreen.storyboard in Resources */ = {isa = PBXBuildFile; fileRef = D7A3A66F229DC00D00CF82A5 /* LaunchScreen.storyboard */; };
		D7AD7A6222BFC77600F8211C /* Array.swift in Sources */ = {isa = PBXBuildFile; fileRef = D7AD7A6022BFC77600F8211C /* Array.swift */; };
		D7AD7A6322BFC77600F8211C /* UIColor.swift in Sources */ = {isa = PBXBuildFile; fileRef = D7AD7A6122BFC77600F8211C /* UIColor.swift */; };
		D7AD7A6622BFC81700F8211C /* PieChartView.swift in Sources */ = {isa = PBXBuildFile; fileRef = D7AD7A6522BFC81700F8211C /* PieChartView.swift */; };
		D7AD7A6822BFC84E00F8211C /* PieChartItem.swift in Sources */ = {isa = PBXBuildFile; fileRef = D7AD7A6722BFC84E00F8211C /* PieChartItem.swift */; };
		D7AD7A6C22BFC8C200F8211C /* CGPoint.swift in Sources */ = {isa = PBXBuildFile; fileRef = D7AD7A6B22BFC8C200F8211C /* CGPoint.swift */; };
		D7D33B9A22ACE846009A601A /* TimerBehavior.swift in Sources */ = {isa = PBXBuildFile; fileRef = D7D33B9922ACE846009A601A /* TimerBehavior.swift */; };
		D7D33B9D22ACE9B4009A601A /* BenchmarkViewController.swift in Sources */ = {isa = PBXBuildFile; fileRef = D7D33B9C22ACE9B4009A601A /* BenchmarkViewController.swift */; };
		D7D33BA022ACF466009A601A /* StatusBarBehavior.swift in Sources */ = {isa = PBXBuildFile; fileRef = D7D33B9F22ACF466009A601A /* StatusBarBehavior.swift */; };
		D7D33BA222ACF8C8009A601A /* ProfileViewController.swift in Sources */ = {isa = PBXBuildFile; fileRef = D7D33BA122ACF8C8009A601A /* ProfileViewController.swift */; };
		D7D33BA522ACFC9A009A601A /* FeedViewController.swift in Sources */ = {isa = PBXBuildFile; fileRef = D7D33BA422ACFC9A009A601A /* FeedViewController.swift */; };
		D7D33BA922ACFCAF009A601A /* FeedThirdViewController.swift in Sources */ = {isa = PBXBuildFile; fileRef = D7D33BA822ACFCAF009A601A /* FeedThirdViewController.swift */; };
		D7D33BAB22AD2406009A601A /* ProfileNavigationController.swift in Sources */ = {isa = PBXBuildFile; fileRef = D7D33BAA22AD2406009A601A /* ProfileNavigationController.swift */; };
		D7D33BAE22AD250F009A601A /* MainViewController.swift in Sources */ = {isa = PBXBuildFile; fileRef = D7D33BAD22AD250F009A601A /* MainViewController.swift */; };
		D7D33BB022AD29BF009A601A /* Feed.storyboard in Resources */ = {isa = PBXBuildFile; fileRef = D7D33BAF22AD29BF009A601A /* Feed.storyboard */; };
		D7DE82E322CA8B1700018E3C /* SuffixArrayViewController.swift in Sources */ = {isa = PBXBuildFile; fileRef = D7DE82E222CA8B1700018E3C /* SuffixArrayViewController.swift */; };
/* End PBXBuildFile section */

/* Begin PBXContainerItemProxy section */
		8B7BB79422D4B15D001D3CDF /* PBXContainerItemProxy */ = {
			isa = PBXContainerItemProxy;
			containerPortal = D7A3A65B229DC00C00CF82A5 /* Project object */;
			proxyType = 1;
			remoteGlobalIDString = 8B7BB78B22D4B15D001D3CDF;
			remoteInfo = Share;
		};
		8B7BB7B722D4D9CF001D3CDF /* PBXContainerItemProxy */ = {
			isa = PBXContainerItemProxy;
			containerPortal = D7A3A65B229DC00C00CF82A5 /* Project object */;
			proxyType = 1;
			remoteGlobalIDString = 8B7BB7B122D4D9CF001D3CDF;
			remoteInfo = SharedPayload;
		};
/* End PBXContainerItemProxy section */

/* Begin PBXCopyFilesBuildPhase section */
		8B7BB78722D4B11B001D3CDF /* Embed App Extensions */ = {
			isa = PBXCopyFilesBuildPhase;
			buildActionMask = 2147483647;
			dstPath = "";
			dstSubfolderSpec = 13;
			files = (
				8B7BB79622D4B15D001D3CDF /* Share.appex in Embed App Extensions */,
			);
			name = "Embed App Extensions";
			runOnlyForDeploymentPostprocessing = 0;
		};
		8B7BB7AC22D4D738001D3CDF /* Embed Frameworks */ = {
			isa = PBXCopyFilesBuildPhase;
			buildActionMask = 2147483647;
			dstPath = "";
			dstSubfolderSpec = 10;
			files = (
				8B7BB7BA22D4D9CF001D3CDF /* SharedPayload.framework in Embed Frameworks */,
			);
			name = "Embed Frameworks";
			runOnlyForDeploymentPostprocessing = 0;
		};
/* End PBXCopyFilesBuildPhase section */

/* Begin PBXFileReference section */
		8B030FE822CA02BA0003AB4B /* SuffixArraySequence.swift */ = {isa = PBXFileReference; lastKnownFileType = sourcecode.swift; path = SuffixArraySequence.swift; sourceTree = "<group>"; };
		8B030FEA22CA02DA0003AB4B /* SuffixArrayIterator.swift */ = {isa = PBXFileReference; lastKnownFileType = sourcecode.swift; path = SuffixArrayIterator.swift; sourceTree = "<group>"; };
		8B030FEC22CA03D10003AB4B /* AlgoProvider.swift */ = {isa = PBXFileReference; fileEncoding = 4; lastKnownFileType = sourcecode.swift; path = AlgoProvider.swift; sourceTree = "<group>"; };
		8B030FF122CA47820003AB4B /* ArrayManipulator.swift */ = {isa = PBXFileReference; fileEncoding = 4; lastKnownFileType = sourcecode.swift; path = ArrayManipulator.swift; sourceTree = "<group>"; };
		8B030FF222CA47820003AB4B /* SwiftArrayManipulator.swift */ = {isa = PBXFileReference; fileEncoding = 4; lastKnownFileType = sourcecode.swift; path = SwiftArrayManipulator.swift; sourceTree = "<group>"; };
		8B030FF322CA47820003AB4B /* StringGenerator.swift */ = {isa = PBXFileReference; fileEncoding = 4; lastKnownFileType = sourcecode.swift; path = StringGenerator.swift; sourceTree = "<group>"; };
		8B030FF522CA47820003AB4B /* SwiftDictionaryManipulator.swift */ = {isa = PBXFileReference; fileEncoding = 4; lastKnownFileType = sourcecode.swift; path = SwiftDictionaryManipulator.swift; sourceTree = "<group>"; };
		8B030FF622CA47820003AB4B /* DictionaryManipulator.swift */ = {isa = PBXFileReference; fileEncoding = 4; lastKnownFileType = sourcecode.swift; path = DictionaryManipulator.swift; sourceTree = "<group>"; };
		8B030FF822CA47820003AB4B /* SwiftSetManipulator.swift */ = {isa = PBXFileReference; fileEncoding = 4; lastKnownFileType = sourcecode.swift; path = SwiftSetManipulator.swift; sourceTree = "<group>"; };
		8B030FF922CA47820003AB4B /* SetManipulator.swift */ = {isa = PBXFileReference; fileEncoding = 4; lastKnownFileType = sourcecode.swift; path = SetManipulator.swift; sourceTree = "<group>"; };
		8B030FFA22CA47820003AB4B /* Profiler.swift */ = {isa = PBXFileReference; fileEncoding = 4; lastKnownFileType = sourcecode.swift; path = Profiler.swift; sourceTree = "<group>"; };
		8B03100422CA48210003AB4B /* ArrayViewController.swift */ = {isa = PBXFileReference; fileEncoding = 4; lastKnownFileType = sourcecode.swift; path = ArrayViewController.swift; sourceTree = "<group>"; };
		8B03100522CA48210003AB4B /* DictionaryViewController.swift */ = {isa = PBXFileReference; fileEncoding = 4; lastKnownFileType = sourcecode.swift; path = DictionaryViewController.swift; sourceTree = "<group>"; };
		8B03100622CA48210003AB4B /* SetViewController.swift */ = {isa = PBXFileReference; fileEncoding = 4; lastKnownFileType = sourcecode.swift; path = SetViewController.swift; sourceTree = "<group>"; };
		8B03100722CA48210003AB4B /* DataStructuresViewController.swift */ = {isa = PBXFileReference; fileEncoding = 4; lastKnownFileType = sourcecode.swift; path = DataStructuresViewController.swift; sourceTree = "<group>"; };
		8B03100C22CA48390003AB4B /* DataStructures.storyboard */ = {isa = PBXFileReference; fileEncoding = 4; lastKnownFileType = file.storyboard; path = DataStructures.storyboard; sourceTree = "<group>"; };
		8B1D29E822D607B300C834CD /* LocalUnitsConverter.swift */ = {isa = PBXFileReference; lastKnownFileType = sourcecode.swift; path = LocalUnitsConverter.swift; sourceTree = "<group>"; };
		8B1D29EA22D6094600C834CD /* UnitsFinder.swift */ = {isa = PBXFileReference; lastKnownFileType = sourcecode.swift; path = UnitsFinder.swift; sourceTree = "<group>"; };
		8B77379622CB8AAB00DF74D3 /* SuffixArrayManipulator.swift */ = {isa = PBXFileReference; lastKnownFileType = sourcecode.swift; path = SuffixArrayManipulator.swift; sourceTree = "<group>"; };
		8B77379822CBA34300DF74D3 /* ArraySearchManipulator.swift */ = {isa = PBXFileReference; lastKnownFileType = sourcecode.swift; path = ArraySearchManipulator.swift; sourceTree = "<group>"; };
		8B77379A22CBA36800DF74D3 /* Search.swift */ = {isa = PBXFileReference; lastKnownFileType = sourcecode.swift; path = Search.swift; sourceTree = "<group>"; };
		8B77379C22CBA40600DF74D3 /* SearchManipulator.swift */ = {isa = PBXFileReference; lastKnownFileType = sourcecode.swift; path = SearchManipulator.swift; sourceTree = "<group>"; };
		8B7BB77322D491E9001D3CDF /* OtusHomework.entitlements */ = {isa = PBXFileReference; lastKnownFileType = text.plist.entitlements; path = OtusHomework.entitlements; sourceTree = "<group>"; };
		8B7BB78C22D4B15D001D3CDF /* Share.appex */ = {isa = PBXFileReference; explicitFileType = "wrapper.app-extension"; includeInIndex = 0; path = Share.appex; sourceTree = BUILT_PRODUCTS_DIR; };
		8B7BB78E22D4B15D001D3CDF /* ShareViewController.swift */ = {isa = PBXFileReference; lastKnownFileType = sourcecode.swift; path = ShareViewController.swift; sourceTree = "<group>"; };
		8B7BB79122D4B15D001D3CDF /* Base */ = {isa = PBXFileReference; lastKnownFileType = file.storyboard; name = Base; path = Base.lproj/MainInterface.storyboard; sourceTree = "<group>"; };
		8B7BB79322D4B15D001D3CDF /* Info.plist */ = {isa = PBXFileReference; lastKnownFileType = text.plist.xml; path = Info.plist; sourceTree = "<group>"; };
		8B7BB79A22D4C43D001D3CDF /* Share.entitlements */ = {isa = PBXFileReference; lastKnownFileType = text.plist.entitlements; path = Share.entitlements; sourceTree = "<group>"; };
		8B7BB7B222D4D9CF001D3CDF /* SharedPayload.framework */ = {isa = PBXFileReference; explicitFileType = wrapper.framework; includeInIndex = 0; path = SharedPayload.framework; sourceTree = BUILT_PRODUCTS_DIR; };
		8B7BB7B422D4D9CF001D3CDF /* SharedPayload.h */ = {isa = PBXFileReference; lastKnownFileType = sourcecode.c.h; path = SharedPayload.h; sourceTree = "<group>"; };
		8B7BB7B522D4D9CF001D3CDF /* Info.plist */ = {isa = PBXFileReference; lastKnownFileType = text.plist.xml; path = Info.plist; sourceTree = "<group>"; };
		8B7BB7CF22D4DA0D001D3CDF /* SharedPayload.swift */ = {isa = PBXFileReference; lastKnownFileType = sourcecode.swift; path = SharedPayload.swift; sourceTree = "<group>"; };
		8B7BB7D222D4DFB3001D3CDF /* LocalUnitsConverter.storyboard */ = {isa = PBXFileReference; lastKnownFileType = file.storyboard; path = LocalUnitsConverter.storyboard; sourceTree = "<group>"; };
		8B7BB7D422D4E248001D3CDF /* LocalUnitsConverterViewController.swift */ = {isa = PBXFileReference; lastKnownFileType = sourcecode.swift; path = LocalUnitsConverterViewController.swift; sourceTree = "<group>"; };
		8BD358A922C0B2D100C9E22D /* UIFont.swift */ = {isa = PBXFileReference; lastKnownFileType = sourcecode.swift; path = UIFont.swift; sourceTree = "<group>"; };
		8BD358AF22C0C66300C9E22D /* PieChartLayer.swift */ = {isa = PBXFileReference; lastKnownFileType = sourcecode.swift; path = PieChartLayer.swift; sourceTree = "<group>"; };
		8BF1D9C022B782CB0018A88D /* BenchmarkLayoutProvider.swift */ = {isa = PBXFileReference; lastKnownFileType = sourcecode.swift; path = BenchmarkLayoutProvider.swift; sourceTree = "<group>"; };
		8BF1D9C422B784C10018A88D /* NColumnLayout.swift */ = {isa = PBXFileReference; lastKnownFileType = sourcecode.swift; path = NColumnLayout.swift; sourceTree = "<group>"; };
		8BF1D9C822B78D620018A88D /* StagLayout.swift */ = {isa = PBXFileReference; fileEncoding = 4; lastKnownFileType = sourcecode.swift; path = StagLayout.swift; sourceTree = "<group>"; };
		8BF1D9D022B790F00018A88D /* LayoutController.swift */ = {isa = PBXFileReference; lastKnownFileType = sourcecode.swift; path = LayoutController.swift; sourceTree = "<group>"; };
		8BF1D9D422B7A5810018A88D /* NRowLayout.swift */ = {isa = PBXFileReference; lastKnownFileType = sourcecode.swift; path = NRowLayout.swift; sourceTree = "<group>"; };
		D707E72E22D683F2009EB93B /* String.swift */ = {isa = PBXFileReference; lastKnownFileType = sourcecode.swift; path = String.swift; sourceTree = "<group>"; };
		D721128F22CBE93900437EFC /* SearchArrayAdapter.swift */ = {isa = PBXFileReference; lastKnownFileType = sourcecode.swift; path = SearchArrayAdapter.swift; sourceTree = "<group>"; };
		D7288E7022B584AD00DBD230 /* Benchmark.storyboard */ = {isa = PBXFileReference; fileEncoding = 4; lastKnownFileType = file.storyboard; path = Benchmark.storyboard; sourceTree = "<group>"; };
		D7288E7222B584CF00DBD230 /* Profile.storyboard */ = {isa = PBXFileReference; fileEncoding = 4; lastKnownFileType = file.storyboard; path = Profile.storyboard; sourceTree = "<group>"; };
		D7288E7422B5850600DBD230 /* ViewControllerLifecycleBehavior.swift */ = {isa = PBXFileReference; fileEncoding = 4; lastKnownFileType = sourcecode.swift; path = ViewControllerLifecycleBehavior.swift; sourceTree = "<group>"; };
		D7288E7622B586C600DBD230 /* SessionSummaryViewController.swift */ = {isa = PBXFileReference; lastKnownFileType = sourcecode.swift; name = SessionSummaryViewController.swift; path = "New Group/SessionSummaryViewController.swift"; sourceTree = "<group>"; };
		D7288E7922B647C100DBD230 /* Services.swift */ = {isa = PBXFileReference; lastKnownFileType = sourcecode.swift; path = Services.swift; sourceTree = "<group>"; };
		D7288E7B22B647D500DBD230 /* SummaryItemsProvider.swift */ = {isa = PBXFileReference; lastKnownFileType = sourcecode.swift; path = SummaryItemsProvider.swift; sourceTree = "<group>"; };
		D7288E8222B674EF00DBD230 /* TimerCollectionViewCell.swift */ = {isa = PBXFileReference; lastKnownFileType = sourcecode.swift; path = TimerCollectionViewCell.swift; sourceTree = "<group>"; };
		D7288E8322B674EF00DBD230 /* TimerCollectionViewCell.xib */ = {isa = PBXFileReference; lastKnownFileType = file.xib; path = TimerCollectionViewCell.xib; sourceTree = "<group>"; };
		D7288E8622B6779400DBD230 /* TimerItemsProvider.swift */ = {isa = PBXFileReference; lastKnownFileType = sourcecode.swift; path = TimerItemsProvider.swift; sourceTree = "<group>"; };
		D7288E8822B67A7300DBD230 /* TimerItem.swift */ = {isa = PBXFileReference; lastKnownFileType = sourcecode.swift; path = TimerItem.swift; sourceTree = "<group>"; };
		D730C21722A1A9DC00E2BD43 /* Details.storyboard */ = {isa = PBXFileReference; fileEncoding = 4; lastKnownFileType = file.storyboard; path = Details.storyboard; sourceTree = "<group>"; };
		D730C21922A1ACAC00E2BD43 /* CustomButton.swift */ = {isa = PBXFileReference; lastKnownFileType = sourcecode.swift; path = CustomButton.swift; sourceTree = "<group>"; };
		D730C21C22A1B91200E2BD43 /* CustomView.swift */ = {isa = PBXFileReference; lastKnownFileType = sourcecode.swift; path = CustomView.swift; sourceTree = "<group>"; };
		D730C21E22A1B92400E2BD43 /* CustomView.xib */ = {isa = PBXFileReference; lastKnownFileType = file.xib; path = CustomView.xib; sourceTree = "<group>"; };
		D782A37F22A82CDE004F8E17 /* Default-568h@2x.png */ = {isa = PBXFileReference; lastKnownFileType = image.png; path = "Default-568h@2x.png"; sourceTree = "<group>"; };
		D7A0378822A58EBA0041DC8E /* SplitViewController.swift */ = {isa = PBXFileReference; lastKnownFileType = sourcecode.swift; path = SplitViewController.swift; sourceTree = "<group>"; };
		D7A3A663229DC00C00CF82A5 /* OtusHomework.app */ = {isa = PBXFileReference; explicitFileType = wrapper.application; includeInIndex = 0; path = OtusHomework.app; sourceTree = BUILT_PRODUCTS_DIR; };
		D7A3A666229DC00C00CF82A5 /* AppDelegate.swift */ = {isa = PBXFileReference; lastKnownFileType = sourcecode.swift; path = AppDelegate.swift; sourceTree = "<group>"; };
		D7A3A66B229DC00C00CF82A5 /* Base */ = {isa = PBXFileReference; lastKnownFileType = file.storyboard; name = Base; path = Base.lproj/Main.storyboard; sourceTree = "<group>"; };
		D7A3A66D229DC00D00CF82A5 /* Assets.xcassets */ = {isa = PBXFileReference; lastKnownFileType = folder.assetcatalog; path = Assets.xcassets; sourceTree = "<group>"; };
		D7A3A670229DC00D00CF82A5 /* Base */ = {isa = PBXFileReference; lastKnownFileType = file.storyboard; name = Base; path = Base.lproj/LaunchScreen.storyboard; sourceTree = "<group>"; };
		D7A3A672229DC00D00CF82A5 /* Info.plist */ = {isa = PBXFileReference; lastKnownFileType = text.plist.xml; path = Info.plist; sourceTree = "<group>"; };
		D7AD7A6022BFC77600F8211C /* Array.swift */ = {isa = PBXFileReference; fileEncoding = 4; lastKnownFileType = sourcecode.swift; path = Array.swift; sourceTree = "<group>"; };
		D7AD7A6122BFC77600F8211C /* UIColor.swift */ = {isa = PBXFileReference; fileEncoding = 4; lastKnownFileType = sourcecode.swift; path = UIColor.swift; sourceTree = "<group>"; };
		D7AD7A6522BFC81700F8211C /* PieChartView.swift */ = {isa = PBXFileReference; lastKnownFileType = sourcecode.swift; path = PieChartView.swift; sourceTree = "<group>"; };
		D7AD7A6722BFC84E00F8211C /* PieChartItem.swift */ = {isa = PBXFileReference; lastKnownFileType = sourcecode.swift; path = PieChartItem.swift; sourceTree = "<group>"; };
		D7AD7A6B22BFC8C200F8211C /* CGPoint.swift */ = {isa = PBXFileReference; lastKnownFileType = sourcecode.swift; path = CGPoint.swift; sourceTree = "<group>"; };
		D7D33B9922ACE846009A601A /* TimerBehavior.swift */ = {isa = PBXFileReference; lastKnownFileType = sourcecode.swift; path = TimerBehavior.swift; sourceTree = "<group>"; };
		D7D33B9C22ACE9B4009A601A /* BenchmarkViewController.swift */ = {isa = PBXFileReference; lastKnownFileType = sourcecode.swift; path = BenchmarkViewController.swift; sourceTree = "<group>"; };
		D7D33B9F22ACF466009A601A /* StatusBarBehavior.swift */ = {isa = PBXFileReference; lastKnownFileType = sourcecode.swift; path = StatusBarBehavior.swift; sourceTree = "<group>"; };
		D7D33BA122ACF8C8009A601A /* ProfileViewController.swift */ = {isa = PBXFileReference; lastKnownFileType = sourcecode.swift; path = ProfileViewController.swift; sourceTree = "<group>"; };
		D7D33BA422ACFC9A009A601A /* FeedViewController.swift */ = {isa = PBXFileReference; lastKnownFileType = sourcecode.swift; path = FeedViewController.swift; sourceTree = "<group>"; };
		D7D33BA822ACFCAF009A601A /* FeedThirdViewController.swift */ = {isa = PBXFileReference; lastKnownFileType = sourcecode.swift; path = FeedThirdViewController.swift; sourceTree = "<group>"; };
		D7D33BAA22AD2406009A601A /* ProfileNavigationController.swift */ = {isa = PBXFileReference; lastKnownFileType = sourcecode.swift; path = ProfileNavigationController.swift; sourceTree = "<group>"; };
		D7D33BAD22AD250F009A601A /* MainViewController.swift */ = {isa = PBXFileReference; lastKnownFileType = sourcecode.swift; path = MainViewController.swift; sourceTree = "<group>"; };
		D7D33BAF22AD29BF009A601A /* Feed.storyboard */ = {isa = PBXFileReference; fileEncoding = 4; lastKnownFileType = file.storyboard; path = Feed.storyboard; sourceTree = "<group>"; };
		D7DE82E222CA8B1700018E3C /* SuffixArrayViewController.swift */ = {isa = PBXFileReference; lastKnownFileType = sourcecode.swift; path = SuffixArrayViewController.swift; sourceTree = "<group>"; };
/* End PBXFileReference section */

/* Begin PBXFrameworksBuildPhase section */
		8B7BB78922D4B15D001D3CDF /* Frameworks */ = {
			isa = PBXFrameworksBuildPhase;
			buildActionMask = 2147483647;
			files = (
				D707E72D22D52267009EB93B /* SharedPayload.framework in Frameworks */,
			);
			runOnlyForDeploymentPostprocessing = 0;
		};
		8B7BB7AF22D4D9CF001D3CDF /* Frameworks */ = {
			isa = PBXFrameworksBuildPhase;
			buildActionMask = 2147483647;
			files = (
			);
			runOnlyForDeploymentPostprocessing = 0;
		};
		D7A3A660229DC00C00CF82A5 /* Frameworks */ = {
			isa = PBXFrameworksBuildPhase;
			buildActionMask = 2147483647;
			files = (
				8B7BB7B922D4D9CF001D3CDF /* SharedPayload.framework in Frameworks */,
			);
			runOnlyForDeploymentPostprocessing = 0;
		};
/* End PBXFrameworksBuildPhase section */

/* Begin PBXGroup section */
		8B030FEE22CA47820003AB4B /* Profiler */ = {
			isa = PBXGroup;
			children = (
				8B77379A22CBA36800DF74D3 /* Search.swift */,
				8B030FEF22CA47820003AB4B /* DataStructures */,
				8B030FFA22CA47820003AB4B /* Profiler.swift */,
			);
			name = Profiler;
			path = OtusHomework/Models/Profiler;
			sourceTree = SOURCE_ROOT;
		};
		8B030FEF22CA47820003AB4B /* DataStructures */ = {
			isa = PBXGroup;
			children = (
				8B77379522CB8A8400DF74D3 /* SuffixArray */,
				8B030FF022CA47820003AB4B /* Array */,
				8B030FF322CA47820003AB4B /* StringGenerator.swift */,
				8B030FF422CA47820003AB4B /* Dictionary */,
				8B030FF722CA47820003AB4B /* Set */,
			);
			path = DataStructures;
			sourceTree = "<group>";
		};
		8B030FF022CA47820003AB4B /* Array */ = {
			isa = PBXGroup;
			children = (
				8B030FF122CA47820003AB4B /* ArrayManipulator.swift */,
				8B030FF222CA47820003AB4B /* SwiftArrayManipulator.swift */,
			);
			path = Array;
			sourceTree = "<group>";
		};
		8B030FF422CA47820003AB4B /* Dictionary */ = {
			isa = PBXGroup;
			children = (
				8B030FF522CA47820003AB4B /* SwiftDictionaryManipulator.swift */,
				8B030FF622CA47820003AB4B /* DictionaryManipulator.swift */,
			);
			path = Dictionary;
			sourceTree = "<group>";
		};
		8B030FF722CA47820003AB4B /* Set */ = {
			isa = PBXGroup;
			children = (
				8B030FF822CA47820003AB4B /* SwiftSetManipulator.swift */,
				8B030FF922CA47820003AB4B /* SetManipulator.swift */,
			);
			path = Set;
			sourceTree = "<group>";
		};
		8B03100322CA48210003AB4B /* DataStructures */ = {
			isa = PBXGroup;
			children = (
				8B03100C22CA48390003AB4B /* DataStructures.storyboard */,
				8B03100422CA48210003AB4B /* ArrayViewController.swift */,
				8B03100522CA48210003AB4B /* DictionaryViewController.swift */,
				8B03100622CA48210003AB4B /* SetViewController.swift */,
				D7DE82E222CA8B1700018E3C /* SuffixArrayViewController.swift */,
				8B03100722CA48210003AB4B /* DataStructuresViewController.swift */,
			);
			path = DataStructures;
			sourceTree = "<group>";
		};
		8B77379522CB8A8400DF74D3 /* SuffixArray */ = {
			isa = PBXGroup;
			children = (
				8B030FE822CA02BA0003AB4B /* SuffixArraySequence.swift */,
				8B030FEA22CA02DA0003AB4B /* SuffixArrayIterator.swift */,
				8B77379622CB8AAB00DF74D3 /* SuffixArrayManipulator.swift */,
				8B77379822CBA34300DF74D3 /* ArraySearchManipulator.swift */,
				8B77379C22CBA40600DF74D3 /* SearchManipulator.swift */,
				D721128F22CBE93900437EFC /* SearchArrayAdapter.swift */,
			);
			path = SuffixArray;
			sourceTree = "<group>";
		};
		8B7BB78D22D4B15D001D3CDF /* Share */ = {
			isa = PBXGroup;
			children = (
				8B7BB79A22D4C43D001D3CDF /* Share.entitlements */,
				8B7BB78E22D4B15D001D3CDF /* ShareViewController.swift */,
				8B7BB79022D4B15D001D3CDF /* MainInterface.storyboard */,
				8B7BB79322D4B15D001D3CDF /* Info.plist */,
			);
			path = Share;
			sourceTree = "<group>";
		};
		8B7BB7B322D4D9CF001D3CDF /* SharedPayload */ = {
			isa = PBXGroup;
			children = (
				8B7BB7B422D4D9CF001D3CDF /* SharedPayload.h */,
				8B7BB7B522D4D9CF001D3CDF /* Info.plist */,
				8B7BB7CF22D4DA0D001D3CDF /* SharedPayload.swift */,
			);
			path = SharedPayload;
			sourceTree = "<group>";
		};
		8B7BB7D122D4DF97001D3CDF /* LocalUnitsConverter */ = {
			isa = PBXGroup;
			children = (
				8B7BB7D222D4DFB3001D3CDF /* LocalUnitsConverter.storyboard */,
				8B7BB7D422D4E248001D3CDF /* LocalUnitsConverterViewController.swift */,
				8B1D29E822D607B300C834CD /* LocalUnitsConverter.swift */,
				8B1D29EA22D6094600C834CD /* UnitsFinder.swift */,
			);
			path = LocalUnitsConverter;
			sourceTree = "<group>";
		};
		8BF1D9B922B77F6B0018A88D /* Layouts */ = {
			isa = PBXGroup;
			children = (
				8BF1D9C422B784C10018A88D /* NColumnLayout.swift */,
				8BF1D9D422B7A5810018A88D /* NRowLayout.swift */,
				8BF1D9C822B78D620018A88D /* StagLayout.swift */,
				8BF1D9D022B790F00018A88D /* LayoutController.swift */,
			);
			path = Layouts;
			sourceTree = "<group>";
		};
		D707E72C22D52267009EB93B /* Frameworks */ = {
			isa = PBXGroup;
			children = (
			);
			name = Frameworks;
			sourceTree = "<group>";
		};
		D7288E7822B647A000DBD230 /* Services */ = {
			isa = PBXGroup;
			children = (
				D7288E7922B647C100DBD230 /* Services.swift */,
				D7288E7B22B647D500DBD230 /* SummaryItemsProvider.swift */,
				D7288E8622B6779400DBD230 /* TimerItemsProvider.swift */,
				8BF1D9C022B782CB0018A88D /* BenchmarkLayoutProvider.swift */,
				8B030FEC22CA03D10003AB4B /* AlgoProvider.swift */,
			);
			path = Services;
			sourceTree = "<group>";
		};
		D7288E8C22B6843800DBD230 /* Models */ = {
			isa = PBXGroup;
			children = (
				8B030FEE22CA47820003AB4B /* Profiler */,
				D7288E8822B67A7300DBD230 /* TimerItem.swift */,
			);
			path = Models;
			sourceTree = "<group>";
		};
		D730C21B22A1B8F700E2BD43 /* Views */ = {
			isa = PBXGroup;
			children = (
				D730C21922A1ACAC00E2BD43 /* CustomButton.swift */,
				D730C21C22A1B91200E2BD43 /* CustomView.swift */,
				D730C21E22A1B92400E2BD43 /* CustomView.xib */,
			);
			path = Views;
			sourceTree = "<group>";
		};
		D782A38122A82D62004F8E17 /* ViewControllerBehaivors */ = {
			isa = PBXGroup;
			children = (
				D7288E7422B5850600DBD230 /* ViewControllerLifecycleBehavior.swift */,
				D7D33B9922ACE846009A601A /* TimerBehavior.swift */,
				D7D33B9F22ACF466009A601A /* StatusBarBehavior.swift */,
			);
			path = ViewControllerBehaivors;
			sourceTree = "<group>";
		};
		D7A3A65A229DC00C00CF82A5 = {
			isa = PBXGroup;
			children = (
				D782A37F22A82CDE004F8E17 /* Default-568h@2x.png */,
				D7A3A665229DC00C00CF82A5 /* OtusHomework */,
				8B7BB78D22D4B15D001D3CDF /* Share */,
				8B7BB7B322D4D9CF001D3CDF /* SharedPayload */,
				D7A3A664229DC00C00CF82A5 /* Products */,
				D707E72C22D52267009EB93B /* Frameworks */,
			);
			sourceTree = "<group>";
		};
		D7A3A664229DC00C00CF82A5 /* Products */ = {
			isa = PBXGroup;
			children = (
				D7A3A663229DC00C00CF82A5 /* OtusHomework.app */,
				8B7BB78C22D4B15D001D3CDF /* Share.appex */,
				8B7BB7B222D4D9CF001D3CDF /* SharedPayload.framework */,
			);
			name = Products;
			sourceTree = "<group>";
		};
		D7A3A665229DC00C00CF82A5 /* OtusHomework */ = {
			isa = PBXGroup;
			children = (
				8B7BB77322D491E9001D3CDF /* OtusHomework.entitlements */,
				D7AD7A5F22BFC77600F8211C /* Extensions */,
				D7288E8C22B6843800DBD230 /* Models */,
				D7288E7822B647A000DBD230 /* Services */,
				D7D33BAC22AD24EE009A601A /* Main */,
				D7D33B9B22ACE991009A601A /* Benchmark */,
				D7D33BA322ACFC41009A601A /* Feed */,
				D7D33B9E22ACF430009A601A /* Profile */,
				D782A38122A82D62004F8E17 /* ViewControllerBehaivors */,
				8B7BB7D122D4DF97001D3CDF /* LocalUnitsConverter */,
				D7A3A666229DC00C00CF82A5 /* AppDelegate.swift */,
				D7A0378822A58EBA0041DC8E /* SplitViewController.swift */,
				D7A3A66A229DC00C00CF82A5 /* Main.storyboard */,
				D730C21722A1A9DC00E2BD43 /* Details.storyboard */,
				D730C21B22A1B8F700E2BD43 /* Views */,
				D7A3A66D229DC00D00CF82A5 /* Assets.xcassets */,
				D7A3A66F229DC00D00CF82A5 /* LaunchScreen.storyboard */,
				D7A3A672229DC00D00CF82A5 /* Info.plist */,
			);
			path = OtusHomework;
			sourceTree = "<group>";
		};
		D7AD7A5F22BFC77600F8211C /* Extensions */ = {
			isa = PBXGroup;
			children = (
				D7AD7A6022BFC77600F8211C /* Array.swift */,
				D7AD7A6122BFC77600F8211C /* UIColor.swift */,
				D7AD7A6B22BFC8C200F8211C /* CGPoint.swift */,
				8BD358A922C0B2D100C9E22D /* UIFont.swift */,
				D707E72E22D683F2009EB93B /* String.swift */,
			);
			path = Extensions;
			sourceTree = "<group>";
		};
		D7AD7A6422BFC80700F8211C /* PieChart */ = {
			isa = PBXGroup;
			children = (
				D7AD7A6522BFC81700F8211C /* PieChartView.swift */,
				D7AD7A6722BFC84E00F8211C /* PieChartItem.swift */,
				8BD358AF22C0C66300C9E22D /* PieChartLayer.swift */,
			);
			path = PieChart;
			sourceTree = "<group>";
		};
		D7D33B9B22ACE991009A601A /* Benchmark */ = {
			isa = PBXGroup;
			children = (
				D7AD7A6422BFC80700F8211C /* PieChart */,
				8BF1D9B922B77F6B0018A88D /* Layouts */,
				D7288E7022B584AD00DBD230 /* Benchmark.storyboard */,
				D7D33B9C22ACE9B4009A601A /* BenchmarkViewController.swift */,
				D7288E8222B674EF00DBD230 /* TimerCollectionViewCell.swift */,
				D7288E8322B674EF00DBD230 /* TimerCollectionViewCell.xib */,
			);
			path = Benchmark;
			sourceTree = "<group>";
		};
		D7D33B9E22ACF430009A601A /* Profile */ = {
			isa = PBXGroup;
			children = (
				D7288E7222B584CF00DBD230 /* Profile.storyboard */,
				D7D33BA122ACF8C8009A601A /* ProfileViewController.swift */,
				D7D33BAA22AD2406009A601A /* ProfileNavigationController.swift */,
			);
			path = Profile;
			sourceTree = "<group>";
		};
		D7D33BA322ACFC41009A601A /* Feed */ = {
			isa = PBXGroup;
			children = (
				8B03100322CA48210003AB4B /* DataStructures */,
				D7D33BAF22AD29BF009A601A /* Feed.storyboard */,
				D7D33BA422ACFC9A009A601A /* FeedViewController.swift */,
				D7D33BA822ACFCAF009A601A /* FeedThirdViewController.swift */,
				D7288E7622B586C600DBD230 /* SessionSummaryViewController.swift */,
			);
			path = Feed;
			sourceTree = "<group>";
		};
		D7D33BAC22AD24EE009A601A /* Main */ = {
			isa = PBXGroup;
			children = (
				D7D33BAD22AD250F009A601A /* MainViewController.swift */,
			);
			path = Main;
			sourceTree = "<group>";
		};
/* End PBXGroup section */

/* Begin PBXHeadersBuildPhase section */
		8B7BB7AD22D4D9CF001D3CDF /* Headers */ = {
			isa = PBXHeadersBuildPhase;
			buildActionMask = 2147483647;
			files = (
				8B7BB7B622D4D9CF001D3CDF /* SharedPayload.h in Headers */,
			);
			runOnlyForDeploymentPostprocessing = 0;
		};
/* End PBXHeadersBuildPhase section */

/* Begin PBXNativeTarget section */
		8B7BB78B22D4B15D001D3CDF /* Share */ = {
			isa = PBXNativeTarget;
			buildConfigurationList = 8B7BB79722D4B15D001D3CDF /* Build configuration list for PBXNativeTarget "Share" */;
			buildPhases = (
				8B7BB78822D4B15D001D3CDF /* Sources */,
				8B7BB78922D4B15D001D3CDF /* Frameworks */,
				8B7BB78A22D4B15D001D3CDF /* Resources */,
			);
			buildRules = (
			);
			dependencies = (
			);
			name = Share;
			productName = Share;
			productReference = 8B7BB78C22D4B15D001D3CDF /* Share.appex */;
			productType = "com.apple.product-type.app-extension";
		};
		8B7BB7B122D4D9CF001D3CDF /* SharedPayload */ = {
			isa = PBXNativeTarget;
			buildConfigurationList = 8B7BB7BB22D4D9CF001D3CDF /* Build configuration list for PBXNativeTarget "SharedPayload" */;
			buildPhases = (
				8B7BB7AD22D4D9CF001D3CDF /* Headers */,
				8B7BB7AE22D4D9CF001D3CDF /* Sources */,
				8B7BB7AF22D4D9CF001D3CDF /* Frameworks */,
				8B7BB7B022D4D9CF001D3CDF /* Resources */,
			);
			buildRules = (
			);
			dependencies = (
			);
			name = SharedPayload;
			productName = SharedPayload;
			productReference = 8B7BB7B222D4D9CF001D3CDF /* SharedPayload.framework */;
			productType = "com.apple.product-type.framework";
		};
		D7A3A662229DC00C00CF82A5 /* OtusHomework */ = {
			isa = PBXNativeTarget;
			buildConfigurationList = D7A3A675229DC00D00CF82A5 /* Build configuration list for PBXNativeTarget "OtusHomework" */;
			buildPhases = (
				D7A3A65F229DC00C00CF82A5 /* Sources */,
				D7A3A660229DC00C00CF82A5 /* Frameworks */,
				D7A3A661229DC00C00CF82A5 /* Resources */,
				8B7BB78722D4B11B001D3CDF /* Embed App Extensions */,
				8B7BB7AC22D4D738001D3CDF /* Embed Frameworks */,
			);
			buildRules = (
			);
			dependencies = (
				8B7BB79522D4B15D001D3CDF /* PBXTargetDependency */,
				8B7BB7B822D4D9CF001D3CDF /* PBXTargetDependency */,
			);
			name = OtusHomework;
			productName = TaskAboutStoryboards;
			productReference = D7A3A663229DC00C00CF82A5 /* OtusHomework.app */;
			productType = "com.apple.product-type.application";
		};
/* End PBXNativeTarget section */

/* Begin PBXProject section */
		D7A3A65B229DC00C00CF82A5 /* Project object */ = {
			isa = PBXProject;
			attributes = {
				LastSwiftUpdateCheck = 1020;
				LastUpgradeCheck = 1020;
				ORGANIZATIONNAME = developer;
				TargetAttributes = {
					8B7BB78B22D4B15D001D3CDF = {
						CreatedOnToolsVersion = 10.2.1;
						SystemCapabilities = {
							com.apple.ApplicationGroups.iOS = {
								enabled = 1;
							};
						};
					};
					8B7BB7B122D4D9CF001D3CDF = {
						CreatedOnToolsVersion = 10.2.1;
						LastSwiftMigration = 1020;
					};
					D7A3A662229DC00C00CF82A5 = {
						CreatedOnToolsVersion = 10.2.1;
						SystemCapabilities = {
							com.apple.ApplicationGroups.iOS = {
								enabled = 1;
							};
						};
					};
				};
			};
			buildConfigurationList = D7A3A65E229DC00C00CF82A5 /* Build configuration list for PBXProject "OtusHomework" */;
			compatibilityVersion = "Xcode 9.3";
			developmentRegion = en;
			hasScannedForEncodings = 0;
			knownRegions = (
				en,
				Base,
			);
			mainGroup = D7A3A65A229DC00C00CF82A5;
			productRefGroup = D7A3A664229DC00C00CF82A5 /* Products */;
			projectDirPath = "";
			projectRoot = "";
			targets = (
				D7A3A662229DC00C00CF82A5 /* OtusHomework */,
				8B7BB78B22D4B15D001D3CDF /* Share */,
				8B7BB7B122D4D9CF001D3CDF /* SharedPayload */,
			);
		};
/* End PBXProject section */

/* Begin PBXResourcesBuildPhase section */
		8B7BB78A22D4B15D001D3CDF /* Resources */ = {
			isa = PBXResourcesBuildPhase;
			buildActionMask = 2147483647;
			files = (
				8B7BB79222D4B15D001D3CDF /* MainInterface.storyboard in Resources */,
			);
			runOnlyForDeploymentPostprocessing = 0;
		};
		8B7BB7B022D4D9CF001D3CDF /* Resources */ = {
			isa = PBXResourcesBuildPhase;
			buildActionMask = 2147483647;
			files = (
			);
			runOnlyForDeploymentPostprocessing = 0;
		};
		D7A3A661229DC00C00CF82A5 /* Resources */ = {
			isa = PBXResourcesBuildPhase;
			buildActionMask = 2147483647;
			files = (
				D7A3A671229DC00D00CF82A5 /* LaunchScreen.storyboard in Resources */,
				D7D33BB022AD29BF009A601A /* Feed.storyboard in Resources */,
				D730C21F22A1B92400E2BD43 /* CustomView.xib in Resources */,
				D7A3A66E229DC00D00CF82A5 /* Assets.xcassets in Resources */,
				D7A3A66C229DC00C00CF82A5 /* Main.storyboard in Resources */,
				D730C21822A1A9DC00E2BD43 /* Details.storyboard in Resources */,
				8B03100D22CA48390003AB4B /* DataStructures.storyboard in Resources */,
				8B7BB7D322D4DFB3001D3CDF /* LocalUnitsConverter.storyboard in Resources */,
				D7288E7322B584CF00DBD230 /* Profile.storyboard in Resources */,
				D7288E7122B584AD00DBD230 /* Benchmark.storyboard in Resources */,
				D7288E8522B674EF00DBD230 /* TimerCollectionViewCell.xib in Resources */,
				D782A38022A82CDE004F8E17 /* Default-568h@2x.png in Resources */,
			);
			runOnlyForDeploymentPostprocessing = 0;
		};
/* End PBXResourcesBuildPhase section */

/* Begin PBXSourcesBuildPhase section */
		8B7BB78822D4B15D001D3CDF /* Sources */ = {
			isa = PBXSourcesBuildPhase;
			buildActionMask = 2147483647;
			files = (
				8B7BB78F22D4B15D001D3CDF /* ShareViewController.swift in Sources */,
			);
			runOnlyForDeploymentPostprocessing = 0;
		};
		8B7BB7AE22D4D9CF001D3CDF /* Sources */ = {
			isa = PBXSourcesBuildPhase;
			buildActionMask = 2147483647;
			files = (
				8B7BB7D022D4DA0D001D3CDF /* SharedPayload.swift in Sources */,
			);
			runOnlyForDeploymentPostprocessing = 0;
		};
		D7A3A65F229DC00C00CF82A5 /* Sources */ = {
			isa = PBXSourcesBuildPhase;
			buildActionMask = 2147483647;
			files = (
				8B03100B22CA48210003AB4B /* DataStructuresViewController.swift in Sources */,
				D7AD7A6822BFC84E00F8211C /* PieChartItem.swift in Sources */,
				8B03100A22CA48210003AB4B /* SetViewController.swift in Sources */,
				8B030FE922CA02BA0003AB4B /* SuffixArraySequence.swift in Sources */,
				8B7BB7D522D4E248001D3CDF /* LocalUnitsConverterViewController.swift in Sources */,
				D7AD7A6622BFC81700F8211C /* PieChartView.swift in Sources */,
				D7288E8922B67A7300DBD230 /* TimerItem.swift in Sources */,
				D7AD7A6322BFC77600F8211C /* UIColor.swift in Sources */,
				8B77379D22CBA40600DF74D3 /* SearchManipulator.swift in Sources */,
				D7288E7C22B647D500DBD230 /* SummaryItemsProvider.swift in Sources */,
				8BF1D9C922B78D630018A88D /* StagLayout.swift in Sources */,
				D7A0378922A58EBA0041DC8E /* SplitViewController.swift in Sources */,
				D7D33B9D22ACE9B4009A601A /* BenchmarkViewController.swift in Sources */,
				8B03100022CA47820003AB4B /* SwiftSetManipulator.swift in Sources */,
				8BD358AA22C0B2D100C9E22D /* UIFont.swift in Sources */,
				D7288E8422B674EF00DBD230 /* TimerCollectionViewCell.swift in Sources */,
				8B030FEB22CA02DA0003AB4B /* SuffixArrayIterator.swift in Sources */,
				8BF1D9D522B7A5810018A88D /* NRowLayout.swift in Sources */,
				8B03100922CA48210003AB4B /* DictionaryViewController.swift in Sources */,
				D7288E7522B5850600DBD230 /* ViewControllerLifecycleBehavior.swift in Sources */,
				D7DE82E322CA8B1700018E3C /* SuffixArrayViewController.swift in Sources */,
				8B030FFD22CA47820003AB4B /* StringGenerator.swift in Sources */,
				D7AD7A6222BFC77600F8211C /* Array.swift in Sources */,
				D7D33BA522ACFC9A009A601A /* FeedViewController.swift in Sources */,
				D7D33B9A22ACE846009A601A /* TimerBehavior.swift in Sources */,
				8B77379722CB8AAB00DF74D3 /* SuffixArrayManipulator.swift in Sources */,
				D721129022CBE93900437EFC /* SearchArrayAdapter.swift in Sources */,
				8B030FED22CA03D10003AB4B /* AlgoProvider.swift in Sources */,
				8BD358B022C0C66300C9E22D /* PieChartLayer.swift in Sources */,
				D7D33BA022ACF466009A601A /* StatusBarBehavior.swift in Sources */,
				8BF1D9D122B790F00018A88D /* LayoutController.swift in Sources */,
				D7288E7A22B647C100DBD230 /* Services.swift in Sources */,
				D730C21D22A1B91200E2BD43 /* CustomView.swift in Sources */,
				D7D33BAE22AD250F009A601A /* MainViewController.swift in Sources */,
				D7A3A667229DC00C00CF82A5 /* AppDelegate.swift in Sources */,
				8B030FFB22CA47820003AB4B /* ArrayManipulator.swift in Sources */,
				D7D33BAB22AD2406009A601A /* ProfileNavigationController.swift in Sources */,
				D7D33BA222ACF8C8009A601A /* ProfileViewController.swift in Sources */,
				8B1D29E922D607B300C834CD /* LocalUnitsConverter.swift in Sources */,
				8B03100822CA48210003AB4B /* ArrayViewController.swift in Sources */,
				8B03100222CA47820003AB4B /* Profiler.swift in Sources */,
				D7288E8722B6779400DBD230 /* TimerItemsProvider.swift in Sources */,
				8BF1D9C522B784C10018A88D /* NColumnLayout.swift in Sources */,
				D7288E7722B586C600DBD230 /* SessionSummaryViewController.swift in Sources */,
				8BF1D9C122B782CB0018A88D /* BenchmarkLayoutProvider.swift in Sources */,
				8B03100122CA47820003AB4B /* SetManipulator.swift in Sources */,
				D707E72F22D683F2009EB93B /* String.swift in Sources */,
				D7D33BA922ACFCAF009A601A /* FeedThirdViewController.swift in Sources */,
				8B1D29EB22D6094600C834CD /* UnitsFinder.swift in Sources */,
				8B030FFE22CA47820003AB4B /* SwiftDictionaryManipulator.swift in Sources */,
				D7AD7A6C22BFC8C200F8211C /* CGPoint.swift in Sources */,
				8B030FFC22CA47820003AB4B /* SwiftArrayManipulator.swift in Sources */,
				8B77379922CBA34300DF74D3 /* ArraySearchManipulator.swift in Sources */,
				8B77379B22CBA36800DF74D3 /* Search.swift in Sources */,
				8B030FFF22CA47820003AB4B /* DictionaryManipulator.swift in Sources */,
				D730C21A22A1ACAC00E2BD43 /* CustomButton.swift in Sources */,
			);
			runOnlyForDeploymentPostprocessing = 0;
		};
/* End PBXSourcesBuildPhase section */

/* Begin PBXTargetDependency section */
		8B7BB79522D4B15D001D3CDF /* PBXTargetDependency */ = {
			isa = PBXTargetDependency;
			target = 8B7BB78B22D4B15D001D3CDF /* Share */;
			targetProxy = 8B7BB79422D4B15D001D3CDF /* PBXContainerItemProxy */;
		};
		8B7BB7B822D4D9CF001D3CDF /* PBXTargetDependency */ = {
			isa = PBXTargetDependency;
			target = 8B7BB7B122D4D9CF001D3CDF /* SharedPayload */;
			targetProxy = 8B7BB7B722D4D9CF001D3CDF /* PBXContainerItemProxy */;
		};
/* End PBXTargetDependency section */

/* Begin PBXVariantGroup section */
		8B7BB79022D4B15D001D3CDF /* MainInterface.storyboard */ = {
			isa = PBXVariantGroup;
			children = (
				8B7BB79122D4B15D001D3CDF /* Base */,
			);
			name = MainInterface.storyboard;
			sourceTree = "<group>";
		};
		D7A3A66A229DC00C00CF82A5 /* Main.storyboard */ = {
			isa = PBXVariantGroup;
			children = (
				D7A3A66B229DC00C00CF82A5 /* Base */,
			);
			name = Main.storyboard;
			sourceTree = "<group>";
		};
		D7A3A66F229DC00D00CF82A5 /* LaunchScreen.storyboard */ = {
			isa = PBXVariantGroup;
			children = (
				D7A3A670229DC00D00CF82A5 /* Base */,
			);
			name = LaunchScreen.storyboard;
			sourceTree = "<group>";
		};
/* End PBXVariantGroup section */

/* Begin XCBuildConfiguration section */
		8B7BB79822D4B15D001D3CDF /* Debug */ = {
			isa = XCBuildConfiguration;
			buildSettings = {
				CODE_SIGN_ENTITLEMENTS = Share/Share.entitlements;
				CODE_SIGN_IDENTITY = "iPhone Developer";
				CODE_SIGN_STYLE = Automatic;
				DEVELOPMENT_TEAM = 3Q26PSWQ2V;
				INFOPLIST_FILE = Share/Info.plist;
				LD_RUNPATH_SEARCH_PATHS = (
					"$(inherited)",
					"@executable_path/Frameworks",
					"@executable_path/../../Frameworks",
				);
				PRODUCT_BUNDLE_IDENTIFIER = com.igor.otushomework.Share;
				PRODUCT_NAME = "$(TARGET_NAME)";
				SKIP_INSTALL = YES;
				SWIFT_VERSION = 5.0;
				TARGETED_DEVICE_FAMILY = "1,2";
			};
			name = Debug;
		};
		8B7BB79922D4B15D001D3CDF /* Release */ = {
			isa = XCBuildConfiguration;
			buildSettings = {
				CODE_SIGN_ENTITLEMENTS = Share/Share.entitlements;
				CODE_SIGN_IDENTITY = "iPhone Developer";
				CODE_SIGN_STYLE = Automatic;
				DEVELOPMENT_TEAM = 3Q26PSWQ2V;
				INFOPLIST_FILE = Share/Info.plist;
				LD_RUNPATH_SEARCH_PATHS = (
					"$(inherited)",
					"@executable_path/Frameworks",
					"@executable_path/../../Frameworks",
				);
				PRODUCT_BUNDLE_IDENTIFIER = com.igor.otushomework.Share;
				PRODUCT_NAME = "$(TARGET_NAME)";
				SKIP_INSTALL = YES;
				SWIFT_VERSION = 5.0;
				TARGETED_DEVICE_FAMILY = "1,2";
			};
			name = Release;
		};
		8B7BB7BC22D4D9CF001D3CDF /* Debug */ = {
			isa = XCBuildConfiguration;
			buildSettings = {
				APPLICATION_EXTENSION_API_ONLY = YES;
				CLANG_ENABLE_MODULES = YES;
				CODE_SIGN_IDENTITY = "iPhone Developer";
				CODE_SIGN_STYLE = Automatic;
				CURRENT_PROJECT_VERSION = 1;
				DEFINES_MODULE = YES;
				DEVELOPMENT_TEAM = 3Q26PSWQ2V;
				DYLIB_COMPATIBILITY_VERSION = 1;
				DYLIB_CURRENT_VERSION = 1;
				DYLIB_INSTALL_NAME_BASE = "@rpath";
				INFOPLIST_FILE = SharedPayload/Info.plist;
				INSTALL_PATH = "$(LOCAL_LIBRARY_DIR)/Frameworks";
				LD_RUNPATH_SEARCH_PATHS = (
					"$(inherited)",
					"@executable_path/Frameworks",
					"@loader_path/Frameworks",
				);
				PRODUCT_BUNDLE_IDENTIFIER = com.easy.SharedPayload;
				PRODUCT_NAME = "$(TARGET_NAME:c99extidentifier)";
				SKIP_INSTALL = YES;
				SWIFT_OPTIMIZATION_LEVEL = "-Onone";
				SWIFT_VERSION = 5.0;
				TARGETED_DEVICE_FAMILY = "1,2";
				VERSIONING_SYSTEM = "apple-generic";
				VERSION_INFO_PREFIX = "";
			};
			name = Debug;
		};
		8B7BB7BD22D4D9CF001D3CDF /* Release */ = {
			isa = XCBuildConfiguration;
			buildSettings = {
				APPLICATION_EXTENSION_API_ONLY = YES;
				CLANG_ENABLE_MODULES = YES;
				CODE_SIGN_IDENTITY = "iPhone Developer";
				CODE_SIGN_STYLE = Automatic;
				CURRENT_PROJECT_VERSION = 1;
				DEFINES_MODULE = YES;
				DEVELOPMENT_TEAM = 3Q26PSWQ2V;
				DYLIB_COMPATIBILITY_VERSION = 1;
				DYLIB_CURRENT_VERSION = 1;
				DYLIB_INSTALL_NAME_BASE = "@rpath";
				INFOPLIST_FILE = SharedPayload/Info.plist;
				INSTALL_PATH = "$(LOCAL_LIBRARY_DIR)/Frameworks";
				LD_RUNPATH_SEARCH_PATHS = (
					"$(inherited)",
					"@executable_path/Frameworks",
					"@loader_path/Frameworks",
				);
				PRODUCT_BUNDLE_IDENTIFIER = com.easy.SharedPayload;
				PRODUCT_NAME = "$(TARGET_NAME:c99extidentifier)";
				SKIP_INSTALL = YES;
				SWIFT_VERSION = 5.0;
				TARGETED_DEVICE_FAMILY = "1,2";
				VERSIONING_SYSTEM = "apple-generic";
				VERSION_INFO_PREFIX = "";
			};
			name = Release;
		};
		D7A3A673229DC00D00CF82A5 /* Debug */ = {
			isa = XCBuildConfiguration;
			buildSettings = {
				ALWAYS_SEARCH_USER_PATHS = NO;
				CLANG_ANALYZER_NONNULL = YES;
				CLANG_ANALYZER_NUMBER_OBJECT_CONVERSION = YES_AGGRESSIVE;
				CLANG_CXX_LANGUAGE_STANDARD = "gnu++14";
				CLANG_CXX_LIBRARY = "libc++";
				CLANG_ENABLE_MODULES = YES;
				CLANG_ENABLE_OBJC_ARC = YES;
				CLANG_ENABLE_OBJC_WEAK = YES;
				CLANG_WARN_BLOCK_CAPTURE_AUTORELEASING = YES;
				CLANG_WARN_BOOL_CONVERSION = YES;
				CLANG_WARN_COMMA = YES;
				CLANG_WARN_CONSTANT_CONVERSION = YES;
				CLANG_WARN_DEPRECATED_OBJC_IMPLEMENTATIONS = YES;
				CLANG_WARN_DIRECT_OBJC_ISA_USAGE = YES_ERROR;
				CLANG_WARN_DOCUMENTATION_COMMENTS = YES;
				CLANG_WARN_EMPTY_BODY = YES;
				CLANG_WARN_ENUM_CONVERSION = YES;
				CLANG_WARN_INFINITE_RECURSION = YES;
				CLANG_WARN_INT_CONVERSION = YES;
				CLANG_WARN_NON_LITERAL_NULL_CONVERSION = YES;
				CLANG_WARN_OBJC_IMPLICIT_RETAIN_SELF = YES;
				CLANG_WARN_OBJC_LITERAL_CONVERSION = YES;
				CLANG_WARN_OBJC_ROOT_CLASS = YES_ERROR;
				CLANG_WARN_RANGE_LOOP_ANALYSIS = YES;
				CLANG_WARN_STRICT_PROTOTYPES = YES;
				CLANG_WARN_SUSPICIOUS_MOVE = YES;
				CLANG_WARN_UNGUARDED_AVAILABILITY = YES_AGGRESSIVE;
				CLANG_WARN_UNREACHABLE_CODE = YES;
				CLANG_WARN__DUPLICATE_METHOD_MATCH = YES;
				CODE_SIGN_IDENTITY = "iPhone Developer";
				COPY_PHASE_STRIP = NO;
				DEBUG_INFORMATION_FORMAT = dwarf;
				ENABLE_STRICT_OBJC_MSGSEND = YES;
				ENABLE_TESTABILITY = YES;
				GCC_C_LANGUAGE_STANDARD = gnu11;
				GCC_DYNAMIC_NO_PIC = NO;
				GCC_NO_COMMON_BLOCKS = YES;
				GCC_OPTIMIZATION_LEVEL = 0;
				GCC_PREPROCESSOR_DEFINITIONS = (
					"DEBUG=1",
					"$(inherited)",
				);
				GCC_WARN_64_TO_32_BIT_CONVERSION = YES;
				GCC_WARN_ABOUT_RETURN_TYPE = YES_ERROR;
				GCC_WARN_UNDECLARED_SELECTOR = YES;
				GCC_WARN_UNINITIALIZED_AUTOS = YES_AGGRESSIVE;
				GCC_WARN_UNUSED_FUNCTION = YES;
				GCC_WARN_UNUSED_VARIABLE = YES;
				IPHONEOS_DEPLOYMENT_TARGET = 12.2;
				MTL_ENABLE_DEBUG_INFO = INCLUDE_SOURCE;
				MTL_FAST_MATH = YES;
				ONLY_ACTIVE_ARCH = YES;
				SDKROOT = iphoneos;
				SWIFT_ACTIVE_COMPILATION_CONDITIONS = DEBUG;
				SWIFT_OPTIMIZATION_LEVEL = "-Onone";
			};
			name = Debug;
		};
		D7A3A674229DC00D00CF82A5 /* Release */ = {
			isa = XCBuildConfiguration;
			buildSettings = {
				ALWAYS_SEARCH_USER_PATHS = NO;
				CLANG_ANALYZER_NONNULL = YES;
				CLANG_ANALYZER_NUMBER_OBJECT_CONVERSION = YES_AGGRESSIVE;
				CLANG_CXX_LANGUAGE_STANDARD = "gnu++14";
				CLANG_CXX_LIBRARY = "libc++";
				CLANG_ENABLE_MODULES = YES;
				CLANG_ENABLE_OBJC_ARC = YES;
				CLANG_ENABLE_OBJC_WEAK = YES;
				CLANG_WARN_BLOCK_CAPTURE_AUTORELEASING = YES;
				CLANG_WARN_BOOL_CONVERSION = YES;
				CLANG_WARN_COMMA = YES;
				CLANG_WARN_CONSTANT_CONVERSION = YES;
				CLANG_WARN_DEPRECATED_OBJC_IMPLEMENTATIONS = YES;
				CLANG_WARN_DIRECT_OBJC_ISA_USAGE = YES_ERROR;
				CLANG_WARN_DOCUMENTATION_COMMENTS = YES;
				CLANG_WARN_EMPTY_BODY = YES;
				CLANG_WARN_ENUM_CONVERSION = YES;
				CLANG_WARN_INFINITE_RECURSION = YES;
				CLANG_WARN_INT_CONVERSION = YES;
				CLANG_WARN_NON_LITERAL_NULL_CONVERSION = YES;
				CLANG_WARN_OBJC_IMPLICIT_RETAIN_SELF = YES;
				CLANG_WARN_OBJC_LITERAL_CONVERSION = YES;
				CLANG_WARN_OBJC_ROOT_CLASS = YES_ERROR;
				CLANG_WARN_RANGE_LOOP_ANALYSIS = YES;
				CLANG_WARN_STRICT_PROTOTYPES = YES;
				CLANG_WARN_SUSPICIOUS_MOVE = YES;
				CLANG_WARN_UNGUARDED_AVAILABILITY = YES_AGGRESSIVE;
				CLANG_WARN_UNREACHABLE_CODE = YES;
				CLANG_WARN__DUPLICATE_METHOD_MATCH = YES;
				CODE_SIGN_IDENTITY = "iPhone Developer";
				COPY_PHASE_STRIP = NO;
				DEBUG_INFORMATION_FORMAT = "dwarf-with-dsym";
				ENABLE_NS_ASSERTIONS = NO;
				ENABLE_STRICT_OBJC_MSGSEND = YES;
				GCC_C_LANGUAGE_STANDARD = gnu11;
				GCC_NO_COMMON_BLOCKS = YES;
				GCC_WARN_64_TO_32_BIT_CONVERSION = YES;
				GCC_WARN_ABOUT_RETURN_TYPE = YES_ERROR;
				GCC_WARN_UNDECLARED_SELECTOR = YES;
				GCC_WARN_UNINITIALIZED_AUTOS = YES_AGGRESSIVE;
				GCC_WARN_UNUSED_FUNCTION = YES;
				GCC_WARN_UNUSED_VARIABLE = YES;
				IPHONEOS_DEPLOYMENT_TARGET = 12.2;
				MTL_ENABLE_DEBUG_INFO = NO;
				MTL_FAST_MATH = YES;
				SDKROOT = iphoneos;
				SWIFT_COMPILATION_MODE = wholemodule;
				SWIFT_OPTIMIZATION_LEVEL = "-O";
				VALIDATE_PRODUCT = YES;
			};
			name = Release;
		};
		D7A3A676229DC00D00CF82A5 /* Debug */ = {
			isa = XCBuildConfiguration;
			buildSettings = {
				ALWAYS_EMBED_SWIFT_STANDARD_LIBRARIES = YES;
				ASSETCATALOG_COMPILER_APPICON_NAME = AppIcon;
				CODE_SIGN_ENTITLEMENTS = OtusHomework/OtusHomework.entitlements;
				CODE_SIGN_IDENTITY = "iPhone Developer";
				CODE_SIGN_STYLE = Automatic;
				DEVELOPMENT_TEAM = 3Q26PSWQ2V;
				INFOPLIST_FILE = "$(SRCROOT)/OtusHomework/Info.plist";
				LD_RUNPATH_SEARCH_PATHS = (
					"$(inherited)",
					"@executable_path/Frameworks",
				);
				PRODUCT_BUNDLE_IDENTIFIER = com.igor.otushomework;
				PRODUCT_NAME = "$(TARGET_NAME)";
				PROVISIONING_PROFILE_SPECIFIER = "";
				SWIFT_VERSION = 5.0;
				TARGETED_DEVICE_FAMILY = "1,2";
			};
			name = Debug;
		};
		D7A3A677229DC00D00CF82A5 /* Release */ = {
			isa = XCBuildConfiguration;
			buildSettings = {
				ALWAYS_EMBED_SWIFT_STANDARD_LIBRARIES = YES;
				ASSETCATALOG_COMPILER_APPICON_NAME = AppIcon;
				CODE_SIGN_ENTITLEMENTS = OtusHomework/OtusHomework.entitlements;
				CODE_SIGN_IDENTITY = "iPhone Developer";
				CODE_SIGN_STYLE = Automatic;
				DEVELOPMENT_TEAM = 3Q26PSWQ2V;
				INFOPLIST_FILE = "$(SRCROOT)/OtusHomework/Info.plist";
				LD_RUNPATH_SEARCH_PATHS = (
					"$(inherited)",
					"@executable_path/Frameworks",
				);
				PRODUCT_BUNDLE_IDENTIFIER = com.igor.otushomework;
				PRODUCT_NAME = "$(TARGET_NAME)";
				PROVISIONING_PROFILE_SPECIFIER = "";
				SWIFT_VERSION = 5.0;
				TARGETED_DEVICE_FAMILY = "1,2";
			};
			name = Release;
		};
/* End XCBuildConfiguration section */

/* Begin XCConfigurationList section */
		8B7BB79722D4B15D001D3CDF /* Build configuration list for PBXNativeTarget "Share" */ = {
			isa = XCConfigurationList;
			buildConfigurations = (
				8B7BB79822D4B15D001D3CDF /* Debug */,
				8B7BB79922D4B15D001D3CDF /* Release */,
			);
			defaultConfigurationIsVisible = 0;
			defaultConfigurationName = Release;
		};
		8B7BB7BB22D4D9CF001D3CDF /* Build configuration list for PBXNativeTarget "SharedPayload" */ = {
			isa = XCConfigurationList;
			buildConfigurations = (
				8B7BB7BC22D4D9CF001D3CDF /* Debug */,
				8B7BB7BD22D4D9CF001D3CDF /* Release */,
			);
			defaultConfigurationIsVisible = 0;
			defaultConfigurationName = Release;
		};
		D7A3A65E229DC00C00CF82A5 /* Build configuration list for PBXProject "OtusHomework" */ = {
			isa = XCConfigurationList;
			buildConfigurations = (
				D7A3A673229DC00D00CF82A5 /* Debug */,
				D7A3A674229DC00D00CF82A5 /* Release */,
			);
			defaultConfigurationIsVisible = 0;
			defaultConfigurationName = Release;
		};
		D7A3A675229DC00D00CF82A5 /* Build configuration list for PBXNativeTarget "OtusHomework" */ = {
			isa = XCConfigurationList;
			buildConfigurations = (
				D7A3A676229DC00D00CF82A5 /* Debug */,
				D7A3A677229DC00D00CF82A5 /* Release */,
			);
			defaultConfigurationIsVisible = 0;
			defaultConfigurationName = Release;
		};
/* End XCConfigurationList section */
	};
	rootObject = D7A3A65B229DC00C00CF82A5 /* Project object */;
}
